{
  "nodes": {
    "flakelight": {
      "inputs": {
        "nixpkgs": [
          "nixpkgs"
        ]
      },
      "locked": {
        "lastModified": 1786971114,
        "narHash": "sha256-0qYOspaP28PkE8m3zED/7xXL01QLzxMMszuV4rnHHdI=",
        "owner": "nix-community",
        "repo": "flakelight",
        "rev": "57e75ff8032ad9aa997a1c082c18f32f30e0ee7e",
        "type": "github"
      },
      "original": {
        "owner": "nix-community",
        "repo": "flakelight",
        "type": "github"
      }
    },
    "nixpkgs": {
      "locked": {
        "lastModified": 1787213978,
        "narHash": "sha256-yxzapNT+M9w3xWyHhx5QraBnOhrVBbBkQcJEFTdueLs=",
        "owner": "NixOS",
        "repo": "nixpkgs",
        "rev": "e4be35a0a136b5841c4f7220d978dca2d1ad3e96",
        "type": "github"
      },
      "original": {
        "owner": "NixOS",
        "ref": "master",
        "repo": "nixpkgs",
        "type": "github"
      }
    },
    "root": {
      "inputs": {
        "flakelight": "flakelight",
        "nixpkgs": "nixpkgs",
        "systems": "systems"
      }
    },
    "systems": {
      "locked": {
        "lastModified": 1689347949,
        "narHash": "sha256-12tWmuL2zgBgZkdoB6qXZsgJEH9LR3oUgpaQq2RbI80=",
        "owner": "nix-systems",
        "repo": "default-linux",
        "rev": "31732fcf5e8fea42e59c2488ad31a0e651500f68",
        "type": "github"
      },
      "original": {
        "owner": "nix-systems",
        "repo": "default-linux",
        "type": "github"
      }
    }
  },
  "root": "root",
  "version": 7
}
